// !$*UTF8*$!
{
	archiveVersion = 1;
	classes = {
	};
	objectVersion = 46;
	objects = {

/* Begin PBXBuildFile section */
		0996E1BCD51E3C78E6665573 /* libPods-TFKitDemo.a in Frameworks */ = {isa = PBXBuildFile; fileRef = FFB3C8789D575D477CCDDDF2 /* libPods-TFKitDemo.a */; };
		86C232DB1E7BCEE7007C2D2A /* main.m in Sources */ = {isa = PBXBuildFile; fileRef = 86C232DA1E7BCEE7007C2D2A /* main.m */; };
		86C232DE1E7BCEE7007C2D2A /* AppDelegate.m in Sources */ = {isa = PBXBuildFile; fileRef = 86C232DD1E7BCEE7007C2D2A /* AppDelegate.m */; };
		86C232E11E7BCEE7007C2D2A /* ViewController.m in Sources */ = {isa = PBXBuildFile; fileRef = 86C232E01E7BCEE7007C2D2A /* ViewController.m */; };
		86C232E41E7BCEE7007C2D2A /* Main.storyboard in Resources */ = {isa = PBXBuildFile; fileRef = 86C232E21E7BCEE7007C2D2A /* Main.storyboard */; };
		86C232E61E7BCEE7007C2D2A /* Assets.xcassets in Resources */ = {isa = PBXBuildFile; fileRef = 86C232E51E7BCEE7007C2D2A /* Assets.xcassets */; };
		86C232E91E7BCEE7007C2D2A /* LaunchScreen.storyboard in Resources */ = {isa = PBXBuildFile; fileRef = 86C232E71E7BCEE7007C2D2A /* LaunchScreen.storyboard */; };
		86C232F41E7BCEE7007C2D2A /* TFKitDemoTests.m in Sources */ = {isa = PBXBuildFile; fileRef = 86C232F31E7BCEE7007C2D2A /* TFKitDemoTests.m */; };
		86C232FF1E7BCEE7007C2D2A /* TFKitDemoUITests.m in Sources */ = {isa = PBXBuildFile; fileRef = 86C232FE1E7BCEE7007C2D2A /* TFKitDemoUITests.m */; };
/* End PBXBuildFile section */

/* Begin PBXContainerItemProxy section */
		86C232F01E7BCEE7007C2D2A /* PBXContainerItemProxy */ = {
			isa = PBXContainerItemProxy;
			containerPortal = 86C232CE1E7BCEE7007C2D2A /* Project object */;
			proxyType = 1;
			remoteGlobalIDString = 86C232D51E7BCEE7007C2D2A;
			remoteInfo = TFKitDemo;
		};
		86C232FB1E7BCEE7007C2D2A /* PBXContainerItemProxy */ = {
			isa = PBXContainerItemProxy;
			containerPortal = 86C232CE1E7BCEE7007C2D2A /* Project object */;
			proxyType = 1;
			remoteGlobalIDString = 86C232D51E7BCEE7007C2D2A;
			remoteInfo = TFKitDemo;
		};
/* End PBXContainerItemProxy section */

/* Begin PBXFileReference section */
		86C232D61E7BCEE7007C2D2A /* TFKitDemo.app */ = {isa = PBXFileReference; explicitFileType = wrapper.application; includeInIndex = 0; path = TFKitDemo.app; sourceTree = BUILT_PRODUCTS_DIR; };
		86C232DA1E7BCEE7007C2D2A /* main.m */ = {isa = PBXFileReference; lastKnownFileType = sourcecode.c.objc; path = main.m; sourceTree = "<group>"; };
		86C232DC1E7BCEE7007C2D2A /* AppDelegate.h */ = {isa = PBXFileReference; lastKnownFileType = sourcecode.c.h; path = AppDelegate.h; sourceTree = "<group>"; };
		86C232DD1E7BCEE7007C2D2A /* AppDelegate.m */ = {isa = PBXFileReference; lastKnownFileType = sourcecode.c.objc; path = AppDelegate.m; sourceTree = "<group>"; };
		86C232DF1E7BCEE7007C2D2A /* ViewController.h */ = {isa = PBXFileReference; lastKnownFileType = sourcecode.c.h; path = ViewController.h; sourceTree = "<group>"; };
		86C232E01E7BCEE7007C2D2A /* ViewController.m */ = {isa = PBXFileReference; lastKnownFileType = sourcecode.c.objc; path = ViewController.m; sourceTree = "<group>"; };
		86C232E31E7BCEE7007C2D2A /* Base */ = {isa = PBXFileReference; lastKnownFileType = file.storyboard; name = Base; path = Base.lproj/Main.storyboard; sourceTree = "<group>"; };
		86C232E51E7BCEE7007C2D2A /* Assets.xcassets */ = {isa = PBXFileReference; lastKnownFileType = folder.assetcatalog; path = Assets.xcassets; sourceTree = "<group>"; };
		86C232E81E7BCEE7007C2D2A /* Base */ = {isa = PBXFileReference; lastKnownFileType = file.storyboard; name = Base; path = Base.lproj/LaunchScreen.storyboard; sourceTree = "<group>"; };
		86C232EA1E7BCEE7007C2D2A /* Info.plist */ = {isa = PBXFileReference; lastKnownFileType = text.plist.xml; path = Info.plist; sourceTree = "<group>"; };
		86C232EF1E7BCEE7007C2D2A /* TFKitDemoTests.xctest */ = {isa = PBXFileReference; explicitFileType = wrapper.cfbundle; includeInIndex = 0; path = TFKitDemoTests.xctest; sourceTree = BUILT_PRODUCTS_DIR; };
		86C232F31E7BCEE7007C2D2A /* TFKitDemoTests.m */ = {isa = PBXFileReference; lastKnownFileType = sourcecode.c.objc; path = TFKitDemoTests.m; sourceTree = "<group>"; };
		86C232F51E7BCEE7007C2D2A /* Info.plist */ = {isa = PBXFileReference; lastKnownFileType = text.plist.xml; path = Info.plist; sourceTree = "<group>"; };
		86C232FA1E7BCEE7007C2D2A /* TFKitDemoUITests.xctest */ = {isa = PBXFileReference; explicitFileType = wrapper.cfbundle; includeInIndex = 0; path = TFKitDemoUITests.xctest; sourceTree = BUILT_PRODUCTS_DIR; };
		86C232FE1E7BCEE7007C2D2A /* TFKitDemoUITests.m */ = {isa = PBXFileReference; lastKnownFileType = sourcecode.c.objc; path = TFKitDemoUITests.m; sourceTree = "<group>"; };
		86C233001E7BCEE7007C2D2A /* Info.plist */ = {isa = PBXFileReference; lastKnownFileType = text.plist.xml; path = Info.plist; sourceTree = "<group>"; };
		B44DAAE06E7B6C467A2973EE /* Pods-TFKitDemo.release.xcconfig */ = {isa = PBXFileReference; includeInIndex = 1; lastKnownFileType = text.xcconfig; name = "Pods-TFKitDemo.release.xcconfig"; path = "Pods/Target Support Files/Pods-TFKitDemo/Pods-TFKitDemo.release.xcconfig"; sourceTree = "<group>"; };
		E548CDF27D08436B3F31304F /* Pods-TFKitDemo.debug.xcconfig */ = {isa = PBXFileReference; includeInIndex = 1; lastKnownFileType = text.xcconfig; name = "Pods-TFKitDemo.debug.xcconfig"; path = "Pods/Target Support Files/Pods-TFKitDemo/Pods-TFKitDemo.debug.xcconfig"; sourceTree = "<group>"; };
		FFB3C8789D575D477CCDDDF2 /* libPods-TFKitDemo.a */ = {isa = PBXFileReference; explicitFileType = archive.ar; includeInIndex = 0; path = "libPods-TFKitDemo.a"; sourceTree = BUILT_PRODUCTS_DIR; };
/* End PBXFileReference section */

/* Begin PBXFrameworksBuildPhase section */
		86C232D31E7BCEE7007C2D2A /* Frameworks */ = {
			isa = PBXFrameworksBuildPhase;
			buildActionMask = 2147483647;
			files = (
				0996E1BCD51E3C78E6665573 /* libPods-TFKitDemo.a in Frameworks */,
			);
			runOnlyForDeploymentPostprocessing = 0;
		};
		86C232EC1E7BCEE7007C2D2A /* Frameworks */ = {
			isa = PBXFrameworksBuildPhase;
			buildActionMask = 2147483647;
			files = (
			);
			runOnlyForDeploymentPostprocessing = 0;
		};
		86C232F71E7BCEE7007C2D2A /* Frameworks */ = {
			isa = PBXFrameworksBuildPhase;
			buildActionMask = 2147483647;
			files = (
			);
			runOnlyForDeploymentPostprocessing = 0;
		};
/* End PBXFrameworksBuildPhase section */

/* Begin PBXGroup section */
		408B224CFBFD01C0437012FE /* Pods */ = {
			isa = PBXGroup;
			children = (
				E548CDF27D08436B3F31304F /* Pods-TFKitDemo.debug.xcconfig */,
				B44DAAE06E7B6C467A2973EE /* Pods-TFKitDemo.release.xcconfig */,
			);
			name = Pods;
			sourceTree = "<group>";
		};
		86C232CD1E7BCEE7007C2D2A = {
			isa = PBXGroup;
			children = (
				86C232D81E7BCEE7007C2D2A /* TFKitDemo */,
				86C232F21E7BCEE7007C2D2A /* TFKitDemoTests */,
				86C232FD1E7BCEE7007C2D2A /* TFKitDemoUITests */,
				86C232D71E7BCEE7007C2D2A /* Products */,
				408B224CFBFD01C0437012FE /* Pods */,
				C5D3F8E0A669D73B58756E08 /* Frameworks */,
			);
			sourceTree = "<group>";
		};
		86C232D71E7BCEE7007C2D2A /* Products */ = {
			isa = PBXGroup;
			children = (
				86C232D61E7BCEE7007C2D2A /* TFKitDemo.app */,
				86C232EF1E7BCEE7007C2D2A /* TFKitDemoTests.xctest */,
				86C232FA1E7BCEE7007C2D2A /* TFKitDemoUITests.xctest */,
			);
			name = Products;
			sourceTree = "<group>";
		};
		86C232D81E7BCEE7007C2D2A /* TFKitDemo */ = {
			isa = PBXGroup;
			children = (
				86C232DC1E7BCEE7007C2D2A /* AppDelegate.h */,
				86C232DD1E7BCEE7007C2D2A /* AppDelegate.m */,
				86C232DF1E7BCEE7007C2D2A /* ViewController.h */,
				86C232E01E7BCEE7007C2D2A /* ViewController.m */,
				86C232E21E7BCEE7007C2D2A /* Main.storyboard */,
				86C232E51E7BCEE7007C2D2A /* Assets.xcassets */,
				86C232E71E7BCEE7007C2D2A /* LaunchScreen.storyboard */,
				86C232EA1E7BCEE7007C2D2A /* Info.plist */,
				86C232D91E7BCEE7007C2D2A /* Supporting Files */,
			);
			path = TFKitDemo;
			sourceTree = "<group>";
		};
		86C232D91E7BCEE7007C2D2A /* Supporting Files */ = {
			isa = PBXGroup;
			children = (
				86C232DA1E7BCEE7007C2D2A /* main.m */,
			);
			name = "Supporting Files";
			sourceTree = "<group>";
		};
		86C232F21E7BCEE7007C2D2A /* TFKitDemoTests */ = {
			isa = PBXGroup;
			children = (
				86C232F31E7BCEE7007C2D2A /* TFKitDemoTests.m */,
				86C232F51E7BCEE7007C2D2A /* Info.plist */,
			);
			path = TFKitDemoTests;
			sourceTree = "<group>";
		};
		86C232FD1E7BCEE7007C2D2A /* TFKitDemoUITests */ = {
			isa = PBXGroup;
			children = (
				86C232FE1E7BCEE7007C2D2A /* TFKitDemoUITests.m */,
				86C233001E7BCEE7007C2D2A /* Info.plist */,
			);
			path = TFKitDemoUITests;
			sourceTree = "<group>";
		};
		C5D3F8E0A669D73B58756E08 /* Frameworks */ = {
			isa = PBXGroup;
			children = (
				FFB3C8789D575D477CCDDDF2 /* libPods-TFKitDemo.a */,
			);
			name = Frameworks;
			sourceTree = "<group>";
		};
/* End PBXGroup section */

/* Begin PBXNativeTarget section */
		86C232D51E7BCEE7007C2D2A /* TFKitDemo */ = {
			isa = PBXNativeTarget;
			buildConfigurationList = 86C233031E7BCEE7007C2D2A /* Build configuration list for PBXNativeTarget "TFKitDemo" */;
			buildPhases = (
				DC1B93A8F20A05ADDCEAD494 /* [CP] Check Pods Manifest.lock */,
				86C232D21E7BCEE7007C2D2A /* Sources */,
				86C232D31E7BCEE7007C2D2A /* Frameworks */,
				86C232D41E7BCEE7007C2D2A /* Resources */,
				1B60C47A28B1C474ECC94E7D /* [CP] Embed Pods Frameworks */,
				CE15F1530240C44503E41BDA /* [CP] Copy Pods Resources */,
			);
			buildRules = (
			);
			dependencies = (
			);
			name = TFKitDemo;
			productName = TFKitDemo;
			productReference = 86C232D61E7BCEE7007C2D2A /* TFKitDemo.app */;
			productType = "com.apple.product-type.application";
		};
		86C232EE1E7BCEE7007C2D2A /* TFKitDemoTests */ = {
			isa = PBXNativeTarget;
			buildConfigurationList = 86C233061E7BCEE7007C2D2A /* Build configuration list for PBXNativeTarget "TFKitDemoTests" */;
			buildPhases = (
				86C232EB1E7BCEE7007C2D2A /* Sources */,
				86C232EC1E7BCEE7007C2D2A /* Frameworks */,
				86C232ED1E7BCEE7007C2D2A /* Resources */,
			);
			buildRules = (
			);
			dependencies = (
				86C232F11E7BCEE7007C2D2A /* PBXTargetDependency */,
			);
			name = TFKitDemoTests;
			productName = TFKitDemoTests;
			productReference = 86C232EF1E7BCEE7007C2D2A /* TFKitDemoTests.xctest */;
			productType = "com.apple.product-type.bundle.unit-test";
		};
		86C232F91E7BCEE7007C2D2A /* TFKitDemoUITests */ = {
			isa = PBXNativeTarget;
			buildConfigurationList = 86C233091E7BCEE7007C2D2A /* Build configuration list for PBXNativeTarget "TFKitDemoUITests" */;
			buildPhases = (
				86C232F61E7BCEE7007C2D2A /* Sources */,
				86C232F71E7BCEE7007C2D2A /* Frameworks */,
				86C232F81E7BCEE7007C2D2A /* Resources */,
			);
			buildRules = (
			);
			dependencies = (
				86C232FC1E7BCEE7007C2D2A /* PBXTargetDependency */,
			);
			name = TFKitDemoUITests;
			productName = TFKitDemoUITests;
			productReference = 86C232FA1E7BCEE7007C2D2A /* TFKitDemoUITests.xctest */;
			productType = "com.apple.product-type.bundle.ui-testing";
		};
/* End PBXNativeTarget section */

/* Begin PBXProject section */
		86C232CE1E7BCEE7007C2D2A /* Project object */ = {
			isa = PBXProject;
			attributes = {
				LastUpgradeCheck = 0820;
				ORGANIZATIONNAME = dabay;
				TargetAttributes = {
					86C232D51E7BCEE7007C2D2A = {
						CreatedOnToolsVersion = 8.2.1;
						DevelopmentTeam = W58KGB664J;
						ProvisioningStyle = Automatic;
					};
					86C232EE1E7BCEE7007C2D2A = {
						CreatedOnToolsVersion = 8.2.1;
						ProvisioningStyle = Automatic;
						TestTargetID = 86C232D51E7BCEE7007C2D2A;
					};
					86C232F91E7BCEE7007C2D2A = {
						CreatedOnToolsVersion = 8.2.1;
						ProvisioningStyle = Automatic;
						TestTargetID = 86C232D51E7BCEE7007C2D2A;
					};
				};
			};
			buildConfigurationList = 86C232D11E7BCEE7007C2D2A /* Build configuration list for PBXProject "TFKitDemo" */;
			compatibilityVersion = "Xcode 3.2";
			developmentRegion = English;
			hasScannedForEncodings = 0;
			knownRegions = (
				en,
				Base,
			);
			mainGroup = 86C232CD1E7BCEE7007C2D2A;
			productRefGroup = 86C232D71E7BCEE7007C2D2A /* Products */;
			projectDirPath = "";
			projectRoot = "";
			targets = (
				86C232D51E7BCEE7007C2D2A /* TFKitDemo */,
				86C232EE1E7BCEE7007C2D2A /* TFKitDemoTests */,
				86C232F91E7BCEE7007C2D2A /* TFKitDemoUITests */,
			);
		};
/* End PBXProject section */

/* Begin PBXResourcesBuildPhase section */
		86C232D41E7BCEE7007C2D2A /* Resources */ = {
			isa = PBXResourcesBuildPhase;
			buildActionMask = 2147483647;
			files = (
				86C232E91E7BCEE7007C2D2A /* LaunchScreen.storyboard in Resources */,
				86C232E61E7BCEE7007C2D2A /* Assets.xcassets in Resources */,
				86C232E41E7BCEE7007C2D2A /* Main.storyboard in Resources */,
			);
			runOnlyForDeploymentPostprocessing = 0;
		};
		86C232ED1E7BCEE7007C2D2A /* Resources */ = {
			isa = PBXResourcesBuildPhase;
			buildActionMask = 2147483647;
			files = (
			);
			runOnlyForDeploymentPostprocessing = 0;
		};
		86C232F81E7BCEE7007C2D2A /* Resources */ = {
			isa = PBXResourcesBuildPhase;
			buildActionMask = 2147483647;
			files = (
			);
			runOnlyForDeploymentPostprocessing = 0;
		};
/* End PBXResourcesBuildPhase section */

/* Begin PBXShellScriptBuildPhase section */
		1B60C47A28B1C474ECC94E7D /* [CP] Embed Pods Frameworks */ = {
			isa = PBXShellScriptBuildPhase;
			buildActionMask = 2147483647;
			files = (
			);
			inputPaths = (
			);
			name = "[CP] Embed Pods Frameworks";
			outputPaths = (
			);
			runOnlyForDeploymentPostprocessing = 0;
			shellPath = /bin/sh;
			shellScript = "\"${SRCROOT}/Pods/Target Support Files/Pods-TFKitDemo/Pods-TFKitDemo-frameworks.sh\"\n";
			showEnvVarsInLog = 0;
		};
		CE15F1530240C44503E41BDA /* [CP] Copy Pods Resources */ = {
			isa = PBXShellScriptBuildPhase;
			buildActionMask = 2147483647;
			files = (
			);
			inputPaths = (
			);
			name = "[CP] Copy Pods Resources";
			outputPaths = (
			);
			runOnlyForDeploymentPostprocessing = 0;
			shellPath = /bin/sh;
			shellScript = "\"${SRCROOT}/Pods/Target Support Files/Pods-TFKitDemo/Pods-TFKitDemo-resources.sh\"\n";
			showEnvVarsInLog = 0;
		};
		DC1B93A8F20A05ADDCEAD494 /* [CP] Check Pods Manifest.lock */ = {
			isa = PBXShellScriptBuildPhase;
			buildActionMask = 2147483647;
			files = (
			);
			inputPaths = (
			);
			name = "[CP] Check Pods Manifest.lock";
			outputPaths = (
			);
			runOnlyForDeploymentPostprocessing = 0;
			shellPath = /bin/sh;
			shellScript = "diff \"${PODS_ROOT}/../Podfile.lock\" \"${PODS_ROOT}/Manifest.lock\" > /dev/null\nif [ $? != 0 ] ; then\n    # print error to STDERR\n    echo \"error: The sandbox is not in sync with the Podfile.lock. Run 'pod install' or update your CocoaPods installation.\" >&2\n    exit 1\nfi\n";
			showEnvVarsInLog = 0;
		};
/* End PBXShellScriptBuildPhase section */

/* Begin PBXSourcesBuildPhase section */
		86C232D21E7BCEE7007C2D2A /* Sources */ = {
			isa = PBXSourcesBuildPhase;
			buildActionMask = 2147483647;
			files = (
				86C232E11E7BCEE7007C2D2A /* ViewController.m in Sources */,
				86C232DE1E7BCEE7007C2D2A /* AppDelegate.m in Sources */,
				86C232DB1E7BCEE7007C2D2A /* main.m in Sources */,
			);
			runOnlyForDeploymentPostprocessing = 0;
		};
		86C232EB1E7BCEE7007C2D2A /* Sources */ = {
			isa = PBXSourcesBuildPhase;
			buildActionMask = 2147483647;
			files = (
				86C232F41E7BCEE7007C2D2A /* TFKitDemoTests.m in Sources */,
			);
			runOnlyForDeploymentPostprocessing = 0;
		};
		86C232F61E7BCEE7007C2D2A /* Sources */ = {
			isa = PBXSourcesBuildPhase;
			buildActionMask = 2147483647;
			files = (
				86C232FF1E7BCEE7007C2D2A /* TFKitDemoUITests.m in Sources */,
			);
			runOnlyForDeploymentPostprocessing = 0;
		};
/* End PBXSourcesBuildPhase section */

/* Begin PBXTargetDependency section */
		86C232F11E7BCEE7007C2D2A /* PBXTargetDependency */ = {
			isa = PBXTargetDependency;
			target = 86C232D51E7BCEE7007C2D2A /* TFKitDemo */;
			targetProxy = 86C232F01E7BCEE7007C2D2A /* PBXContainerItemProxy */;
		};
		86C232FC1E7BCEE7007C2D2A /* PBXTargetDependency */ = {
			isa = PBXTargetDependency;
			target = 86C232D51E7BCEE7007C2D2A /* TFKitDemo */;
			targetProxy = 86C232FB1E7BCEE7007C2D2A /* PBXContainerItemProxy */;
		};
/* End PBXTargetDependency section */

/* Begin PBXVariantGroup section */
		86C232E21E7BCEE7007C2D2A /* Main.storyboard */ = {
			isa = PBXVariantGroup;
			children = (
				86C232E31E7BCEE7007C2D2A /* Base */,
			);
			name = Main.storyboard;
			sourceTree = "<group>";
		};
		86C232E71E7BCEE7007C2D2A /* LaunchScreen.storyboard */ = {
			isa = PBXVariantGroup;
			children = (
				86C232E81E7BCEE7007C2D2A /* Base */,
			);
			name = LaunchScreen.storyboard;
			sourceTree = "<group>";
		};
/* End PBXVariantGroup section */

/* Begin XCBuildConfiguration section */
		86C233011E7BCEE7007C2D2A /* Debug */ = {
			isa = XCBuildConfiguration;
			buildSettings = {
				ALWAYS_SEARCH_USER_PATHS = NO;
				CLANG_ANALYZER_NONNULL = YES;
				CLANG_CXX_LANGUAGE_STANDARD = "gnu++0x";
				CLANG_CXX_LIBRARY = "libc++";
				CLANG_ENABLE_MODULES = YES;
				CLANG_ENABLE_OBJC_ARC = YES;
				CLANG_WARN_BOOL_CONVERSION = YES;
				CLANG_WARN_CONSTANT_CONVERSION = YES;
				CLANG_WARN_DIRECT_OBJC_ISA_USAGE = YES_ERROR;
				CLANG_WARN_DOCUMENTATION_COMMENTS = YES;
				CLANG_WARN_EMPTY_BODY = YES;
				CLANG_WARN_ENUM_CONVERSION = YES;
				CLANG_WARN_INFINITE_RECURSION = YES;
				CLANG_WARN_INT_CONVERSION = YES;
				CLANG_WARN_OBJC_ROOT_CLASS = YES_ERROR;
				CLANG_WARN_SUSPICIOUS_MOVE = YES;
				CLANG_WARN_UNREACHABLE_CODE = YES;
				CLANG_WARN__DUPLICATE_METHOD_MATCH = YES;
				"CODE_SIGN_IDENTITY[sdk=iphoneos*]" = "iPhone Developer";
				COPY_PHASE_STRIP = NO;
				DEBUG_INFORMATION_FORMAT = dwarf;
				ENABLE_STRICT_OBJC_MSGSEND = YES;
				ENABLE_TESTABILITY = YES;
				GCC_C_LANGUAGE_STANDARD = gnu99;
				GCC_DYNAMIC_NO_PIC = NO;
				GCC_NO_COMMON_BLOCKS = YES;
				GCC_OPTIMIZATION_LEVEL = 0;
				GCC_PREPROCESSOR_DEFINITIONS = (
					"DEBUG=1",
					"$(inherited)",
				);
				GCC_WARN_64_TO_32_BIT_CONVERSION = YES;
				GCC_WARN_ABOUT_RETURN_TYPE = YES_ERROR;
				GCC_WARN_UNDECLARED_SELECTOR = YES;
				GCC_WARN_UNINITIALIZED_AUTOS = YES_AGGRESSIVE;
				GCC_WARN_UNUSED_FUNCTION = YES;
				GCC_WARN_UNUSED_VARIABLE = YES;
				IPHONEOS_DEPLOYMENT_TARGET = 10.2;
				MTL_ENABLE_DEBUG_INFO = YES;
				ONLY_ACTIVE_ARCH = YES;
				SDKROOT = iphoneos;
			};
			name = Debug;
		};
		86C233021E7BCEE7007C2D2A /* Release */ = {
			isa = XCBuildConfiguration;
			buildSettings = {
				ALWAYS_SEARCH_USER_PATHS = NO;
				CLANG_ANALYZER_NONNULL = YES;
				CLANG_CXX_LANGUAGE_STANDARD = "gnu++0x";
				CLANG_CXX_LIBRARY = "libc++";
				CLANG_ENABLE_MODULES = YES;
				CLANG_ENABLE_OBJC_ARC = YES;
				CLANG_WARN_BOOL_CONVERSION = YES;
				CLANG_WARN_CONSTANT_CONVERSION = YES;
				CLANG_WARN_DIRECT_OBJC_ISA_USAGE = YES_ERROR;
				CLANG_WARN_DOCUMENTATION_COMMENTS = YES;
				CLANG_WARN_EMPTY_BODY = YES;
				CLANG_WARN_ENUM_CONVERSION = YES;
				CLANG_WARN_INFINITE_RECURSION = YES;
				CLANG_WARN_INT_CONVERSION = YES;
				CLANG_WARN_OBJC_ROOT_CLASS = YES_ERROR;
				CLANG_WARN_SUSPICIOUS_MOVE = YES;
				CLANG_WARN_UNREACHABLE_CODE = YES;
				CLANG_WARN__DUPLICATE_METHOD_MATCH = YES;
				"CODE_SIGN_IDENTITY[sdk=iphoneos*]" = "iPhone Developer";
				COPY_PHASE_STRIP = NO;
				DEBUG_INFORMATION_FORMAT = "dwarf-with-dsym";
				ENABLE_NS_ASSERTIONS = NO;
				ENABLE_STRICT_OBJC_MSGSEND = YES;
				GCC_C_LANGUAGE_STANDARD = gnu99;
				GCC_NO_COMMON_BLOCKS = YES;
				GCC_WARN_64_TO_32_BIT_CONVERSION = YES;
				GCC_WARN_ABOUT_RETURN_TYPE = YES_ERROR;
				GCC_WARN_UNDECLARED_SELECTOR = YES;
				GCC_WARN_UNINITIALIZED_AUTOS = YES_AGGRESSIVE;
				GCC_WARN_UNUSED_FUNCTION = YES;
				GCC_WARN_UNUSED_VARIABLE = YES;
				IPHONEOS_DEPLOYMENT_TARGET = 10.2;
				MTL_ENABLE_DEBUG_INFO = NO;
				SDKROOT = iphoneos;
				VALIDATE_PRODUCT = YES;
			};
			name = Release;
		};
		86C233041E7BCEE7007C2D2A /* Debug */ = {
			isa = XCBuildConfiguration;
			baseConfigurationReference = E548CDF27D08436B3F31304F /* Pods-TFKitDemo.debug.xcconfig */;
			buildSettings = {
				ASSETCATALOG_COMPILER_APPICON_NAME = AppIcon;
				DEVELOPMENT_TEAM = W58KGB664J;
				INFOPLIST_FILE = TFKitDemo/Info.plist;
				LD_RUNPATH_SEARCH_PATHS = "$(inherited) @executable_path/Frameworks";
				PRODUCT_BUNDLE_IDENTIFIER = "http---taofei.me.TFKitDemo";
				PRODUCT_NAME = "$(TARGET_NAME)";
			};
			name = Debug;
		};
		86C233051E7BCEE7007C2D2A /* Release */ = {
			isa = XCBuildConfiguration;
			baseConfigurationReference = B44DAAE06E7B6C467A2973EE /* Pods-TFKitDemo.release.xcconfig */;
			buildSettings = {
				ASSETCATALOG_COMPILER_APPICON_NAME = AppIcon;
				DEVELOPMENT_TEAM = W58KGB664J;
				INFOPLIST_FILE = TFKitDemo/Info.plist;
				LD_RUNPATH_SEARCH_PATHS = "$(inherited) @executable_path/Frameworks";
				PRODUCT_BUNDLE_IDENTIFIER = "http---taofei.me.TFKitDemo";
				PRODUCT_NAME = "$(TARGET_NAME)";
			};
			name = Release;
		};
		86C233071E7BCEE7007C2D2A /* Debug */ = {
			isa = XCBuildConfiguration;
			buildSettings = {
				BUNDLE_LOADER = "$(TEST_HOST)";
				INFOPLIST_FILE = TFKitDemoTests/Info.plist;
				LD_RUNPATH_SEARCH_PATHS = "$(inherited) @executable_path/Frameworks @loader_path/Frameworks";
				PRODUCT_BUNDLE_IDENTIFIER = "http---taofei.me.TFKitDemoTests";
				PRODUCT_NAME = "$(TARGET_NAME)";
				TEST_HOST = "$(BUILT_PRODUCTS_DIR)/TFKitDemo.app/TFKitDemo";
			};
			name = Debug;
		};
		86C233081E7BCEE7007C2D2A /* Release */ = {
			isa = XCBuildConfiguration;
			buildSettings = {
				BUNDLE_LOADER = "$(TEST_HOST)";
				INFOPLIST_FILE = TFKitDemoTests/Info.plist;
				LD_RUNPATH_SEARCH_PATHS = "$(inherited) @executable_path/Frameworks @loader_path/Frameworks";
				PRODUCT_BUNDLE_IDENTIFIER = "http---taofei.me.TFKitDemoTests";
				PRODUCT_NAME = "$(TARGET_NAME)";
				TEST_HOST = "$(BUILT_PRODUCTS_DIR)/TFKitDemo.app/TFKitDemo";
			};
			name = Release;
		};
		86C2330A1E7BCEE7007C2D2A /* Debug */ = {
			isa = XCBuildConfiguration;
			buildSettings = {
				INFOPLIST_FILE = TFKitDemoUITests/Info.plist;
				LD_RUNPATH_SEARCH_PATHS = "$(inherited) @executable_path/Frameworks @loader_path/Frameworks";
				PRODUCT_BUNDLE_IDENTIFIER = "http---taofei.me.TFKitDemoUITests";
				PRODUCT_NAME = "$(TARGET_NAME)";
				TEST_TARGET_NAME = TFKitDemo;
			};
			name = Debug;
		};
		86C2330B1E7BCEE7007C2D2A /* Release */ = {
			isa = XCBuildConfiguration;
			buildSettings = {
				INFOPLIST_FILE = TFKitDemoUITests/Info.plist;
				LD_RUNPATH_SEARCH_PATHS = "$(inherited) @executable_path/Frameworks @loader_path/Frameworks";
				PRODUCT_BUNDLE_IDENTIFIER = "http---taofei.me.TFKitDemoUITests";
				PRODUCT_NAME = "$(TARGET_NAME)";
				TEST_TARGET_NAME = TFKitDemo;
			};
			name = Release;
		};
/* End XCBuildConfiguration section */

/* Begin XCConfigurationList section */
		86C232D11E7BCEE7007C2D2A /* Build configuration list for PBXProject "TFKitDemo" */ = {
			isa = XCConfigurationList;
			buildConfigurations = (
				86C233011E7BCEE7007C2D2A /* Debug */,
				86C233021E7BCEE7007C2D2A /* Release */,
			);
			defaultConfigurationIsVisible = 0;
			defaultConfigurationName = Release;
		};
		86C233031E7BCEE7007C2D2A /* Build configuration list for PBXNativeTarget "TFKitDemo" */ = {
			isa = XCConfigurationList;
			buildConfigurations = (
				86C233041E7BCEE7007C2D2A /* Debug */,
				86C233051E7BCEE7007C2D2A /* Release */,
			);
			defaultConfigurationIsVisible = 0;
		};
		86C233061E7BCEE7007C2D2A /* Build configuration list for PBXNativeTarget "TFKitDemoTests" */ = {
			isa = XCConfigurationList;
			buildConfigurations = (
				86C233071E7BCEE7007C2D2A /* Debug */,
				86C233081E7BCEE7007C2D2A /* Release */,
			);
			defaultConfigurationIsVisible = 0;
		};
		86C233091E7BCEE7007C2D2A /* Build configuration list for PBXNativeTarget "TFKitDemoUITests" */ = {
			isa = XCConfigurationList;
			buildConfigurations = (
				86C2330A1E7BCEE7007C2D2A /* Debug */,
				86C2330B1E7BCEE7007C2D2A /* Release */,
			);
			defaultConfigurationIsVisible = 0;
		};
/* End XCConfigurationList section */
	};
	rootObject = 86C232CE1E7BCEE7007C2D2A /* Project object */;
}
